Microsoft Visual Studio Solution File, Format Version 12.00
# Visual Studio Version 17
VisualStudioVersion = 17.2.32616.157
MinimumVisualStudioVersion = 10.0.40219.1
Project("{2150E333-8FDC-42A3-9474-1A3956D46DE8}") = ".nuget", ".nuget", "{DFA48E27-7D53-4955-A722-3D91A7119BE7}"
	ProjectSection(SolutionItems) = preProject
		.nuget\NuGet.Config = .nuget\NuGet.Config
		.nuget\NuGet.exe = .nuget\NuGet.exe
		.nuget\NuGet.targets = .nuget\NuGet.targets
	EndProjectSection
EndProject
Project("{FAE04EC0-301F-11D3-BF4B-00C04F79EFBC}") = "Vnext.Intern.Core", "Vnext.Intern.Core\Vnext.Intern.Core.csproj", "{17298EA0-AF73-4F30-B6F1-2066100D7D74}"
EndProject
Project("{FAE04EC0-301F-11D3-BF4B-00C04F79EFBC}") = "Vnext.Intern.Application", "Vnext.Intern.Application\Vnext.Intern.Application.csproj", "{EDF5D964-4C0F-4F19-B674-58A38A5E5401}"
EndProject
Project("{FAE04EC0-301F-11D3-BF4B-00C04F79EFBC}") = "Vnext.Intern.EntityFramework", "Vnext.Intern.EntityFramework\Vnext.Intern.EntityFramework.csproj", "{3979F157-DEB0-4878-AB1D-4CEF6B5A1300}"
EndProject
Project("{FAE04EC0-301F-11D3-BF4B-00C04F79EFBC}") = "Vnext.Intern.Web", "Vnext.Intern.Web\Vnext.Intern.Web.csproj", "{897F6FD8-6F90-48E4-95A5-B4429B896205}"
EndProject
Project("{FAE04EC0-301F-11D3-BF4B-00C04F79EFBC}") = "Vnext.Intern.WebApi", "Vnext.Intern.WebApi\Vnext.Intern.WebApi.csproj", "{5EB52D3D-09FD-463A-B02A-8D9856BD3724}"
EndProject
Project("{FAE04EC0-301F-11D3-BF4B-00C04F79EFBC}") = "Vnext.Intern.Utility", "Vnext.Intern.Utility\Vnext.Intern.Utility.csproj", "{E0D61481-9D19-440F-A366-98B273B7F5C5}"
EndProject
Project("{2150E333-8FDC-42A3-9474-1A3956D46DE8}") = "ProcessAndJobs", "ProcessAndJobs", "{1A218462-5D0B-4E4F-9943-4046ABCDEE7C}"
EndProject
Project("{FAE04EC0-301F-11D3-BF4B-00C04F79EFBC}") = "Vnext.Intern.WinServiceBase", "Vnext.Intern.ProcessAndJobs\Vnext.Intern.WinServiceBase\Vnext.Intern.WinServiceBase.csproj", "{79C3C95E-3277-4DF9-8D26-49A014D1FE68}"
EndProject
Project("{FAE04EC0-301F-11D3-BF4B-00C04F79EFBC}") = "Vnext.Intern.DemoService", "Vnext.Intern.ProcessAndJobs\Vnext.Intern.DemoService\Vnext.Intern.DemoService.csproj", "{973946A4-0BF5-4A31-90A9-CC53C8F1ADF5}"
EndProject
Project("{FAE04EC0-301F-11D3-BF4B-00C04F79EFBC}") = "Vnext.Intern.DemoDebugService", "Vnext.Intern.ProcessAndJobs\Vnext.Intern.DemoDebugService\Vnext.Intern.DemoDebugService.csproj", "{32D19A6C-4C92-4483-AC02-AF74662995D5}"
EndProject
Project("{FAE04EC0-301F-11D3-BF4B-00C04F79EFBC}") = "Vnext.Intern.DepartmentServiceReport", "Vnext.Itern.DepartmentServiceReport\Vnext.Intern.DepartmentServiceReport.csproj", "{A383B85F-4884-46C3-90F0-920B0FA017EB}"
EndProject
Project("{FAE04EC0-301F-11D3-BF4B-00C04F79EFBC}") = "Vnext.Intern.DepartmentDebugServiceReport", "Vnext.Itern.DepartmentDebugServiceReport\Vnext.Intern.DepartmentDebugServiceReport.csproj", "{10D4DF7D-B844-4084-8A21-382A7939071D}"
EndProject
Global
	GlobalSection(SolutionConfigurationPlatforms) = preSolution
		Debug|Any CPU = Debug|Any CPU
		Release|Any CPU = Release|Any CPU
	EndGlobalSection
	GlobalSection(ProjectConfigurationPlatforms) = postSolution
		{17298EA0-AF73-4F30-B6F1-2066100D7D74}.Debug|Any CPU.ActiveCfg = Debug|Any CPU
		{17298EA0-AF73-4F30-B6F1-2066100D7D74}.Debug|Any CPU.Build.0 = Debug|Any CPU
		{17298EA0-AF73-4F30-B6F1-2066100D7D74}.Release|Any CPU.ActiveCfg = Release|Any CPU
		{17298EA0-AF73-4F30-B6F1-2066100D7D74}.Release|Any CPU.Build.0 = Release|Any CPU
		{EDF5D964-4C0F-4F19-B674-58A38A5E5401}.Debug|Any CPU.ActiveCfg = Debug|Any CPU
		{EDF5D964-4C0F-4F19-B674-58A38A5E5401}.Debug|Any CPU.Build.0 = Debug|Any CPU
		{EDF5D964-4C0F-4F19-B674-58A38A5E5401}.Release|Any CPU.ActiveCfg = Release|Any CPU
		{EDF5D964-4C0F-4F19-B674-58A38A5E5401}.Release|Any CPU.Build.0 = Release|Any CPU
		{3979F157-DEB0-4878-AB1D-4CEF6B5A1300}.Debug|Any CPU.ActiveCfg = Debug|Any CPU
		{3979F157-DEB0-4878-AB1D-4CEF6B5A1300}.Debug|Any CPU.Build.0 = Debug|Any CPU
		{3979F157-DEB0-4878-AB1D-4CEF6B5A1300}.Release|Any CPU.ActiveCfg = Release|Any CPU
		{3979F157-DEB0-4878-AB1D-4CEF6B5A1300}.Release|Any CPU.Build.0 = Release|Any CPU
		{897F6FD8-6F90-48E4-95A5-B4429B896205}.Debug|Any CPU.ActiveCfg = Debug|Any CPU
		{897F6FD8-6F90-48E4-95A5-B4429B896205}.Debug|Any CPU.Build.0 = Debug|Any CPU
		{897F6FD8-6F90-48E4-95A5-B4429B896205}.Release|Any CPU.ActiveCfg = Release|Any CPU
		{897F6FD8-6F90-48E4-95A5-B4429B896205}.Release|Any CPU.Build.0 = Release|Any CPU
		{5EB52D3D-09FD-463A-B02A-8D9856BD3724}.Debug|Any CPU.ActiveCfg = Debug|Any CPU
		{5EB52D3D-09FD-463A-B02A-8D9856BD3724}.Debug|Any CPU.Build.0 = Debug|Any CPU
		{5EB52D3D-09FD-463A-B02A-8D9856BD3724}.Release|Any CPU.ActiveCfg = Release|Any CPU
		{5EB52D3D-09FD-463A-B02A-8D9856BD3724}.Release|Any CPU.Build.0 = Release|Any CPU
		{E0D61481-9D19-440F-A366-98B273B7F5C5}.Debug|Any CPU.ActiveCfg = Debug|Any CPU
		{E0D61481-9D19-440F-A366-98B273B7F5C5}.Debug|Any CPU.Build.0 = Debug|Any CPU
		{E0D61481-9D19-440F-A366-98B273B7F5C5}.Release|Any CPU.ActiveCfg = Release|Any CPU
		{E0D61481-9D19-440F-A366-98B273B7F5C5}.Release|Any CPU.Build.0 = Release|Any CPU
		{79C3C95E-3277-4DF9-8D26-49A014D1FE68}.Debug|Any CPU.ActiveCfg = Debug|Any CPU
		{79C3C95E-3277-4DF9-8D26-49A014D1FE68}.Debug|Any CPU.Build.0 = Debug|Any CPU
		{79C3C95E-3277-4DF9-8D26-49A014D1FE68}.Release|Any CPU.ActiveCfg = Release|Any CPU
		{79C3C95E-3277-4DF9-8D26-49A014D1FE68}.Release|Any CPU.Build.0 = Release|Any CPU
		{973946A4-0BF5-4A31-90A9-CC53C8F1ADF5}.Debug|Any CPU.ActiveCfg = Debug|Any CPU
		{973946A4-0BF5-4A31-90A9-CC53C8F1ADF5}.Debug|Any CPU.Build.0 = Debug|Any CPU
		{973946A4-0BF5-4A31-90A9-CC53C8F1ADF5}.Release|Any CPU.ActiveCfg = Release|Any CPU
		{973946A4-0BF5-4A31-90A9-CC53C8F1ADF5}.Release|Any CPU.Build.0 = Release|Any CPU
		{32D19A6C-4C92-4483-AC02-AF74662995D5}.Debug|Any CPU.ActiveCfg = Debug|Any CPU
		{32D19A6C-4C92-4483-AC02-AF74662995D5}.Debug|Any CPU.Build.0 = Debug|Any CPU
		{32D19A6C-4C92-4483-AC02-AF74662995D5}.Release|Any CPU.ActiveCfg = Release|Any CPU
		{32D19A6C-4C92-4483-AC02-AF74662995D5}.Release|Any CPU.Build.0 = Release|Any CPU
		{A383B85F-4884-46C3-90F0-920B0FA017EB}.Debug|Any CPU.ActiveCfg = Debug|Any CPU
		{A383B85F-4884-46C3-90F0-920B0FA017EB}.Debug|Any CPU.Build.0 = Debug|Any CPU
		{A383B85F-4884-46C3-90F0-920B0FA017EB}.Release|Any CPU.ActiveCfg = Release|Any CPU
		{A383B85F-4884-46C3-90F0-920B0FA017EB}.Release|Any CPU.Build.0 = Release|Any CPU
		{10D4DF7D-B844-4084-8A21-382A7939071D}.Debug|Any CPU.ActiveCfg = Debug|Any CPU
		{10D4DF7D-B844-4084-8A21-382A7939071D}.Debug|Any CPU.Build.0 = Debug|Any CPU
		{10D4DF7D-B844-4084-8A21-382A7939071D}.Release|Any CPU.ActiveCfg = Release|Any CPU
		{10D4DF7D-B844-4084-8A21-382A7939071D}.Release|Any CPU.Build.0 = Release|Any CPU
	EndGlobalSection
	GlobalSection(SolutionProperties) = preSolution
		HideSolutionNode = FALSE
	EndGlobalSection
	GlobalSection(NestedProjects) = preSolution
		{79C3C95E-3277-4DF9-8D26-49A014D1FE68} = {1A218462-5D0B-4E4F-9943-4046ABCDEE7C}
		{973946A4-0BF5-4A31-90A9-CC53C8F1ADF5} = {1A218462-5D0B-4E4F-9943-4046ABCDEE7C}
		{32D19A6C-4C92-4483-AC02-AF74662995D5} = {1A218462-5D0B-4E4F-9943-4046ABCDEE7C}
		{A383B85F-4884-46C3-90F0-920B0FA017EB} = {1A218462-5D0B-4E4F-9943-4046ABCDEE7C}
		{10D4DF7D-B844-4084-8A21-382A7939071D} = {1A218462-5D0B-4E4F-9943-4046ABCDEE7C}
	EndGlobalSection
	GlobalSection(ExtensibilityGlobals) = postSolution
		SolutionGuid = {24AE54AC-7751-4CC9-A6A1-B4DC0BEDE098}
	EndGlobalSection
EndGlobal
